# THIS IS AN AUTOGENERATED FILE. DO NOT EDIT THIS FILE DIRECTLY.
# yarn lockfile v1


binary-number-translator@^0.0.3:
  version "0.0.3"
  resolved "https://registry.yarnpkg.com/binary-number-translator/-/binary-number-translator-0.0.3.tgz#4593bf17ed1d263dd8ef18f0e833e564427e766e"
  integrity sha512-xXo8gKzRzE4Fvl8Xfw1oea2KfEHghm4yMhK2XRyCyrNU4hQDZgOOanGM7WLv6XqGF0a4TZVudrR6NnUThjH5qw==
