# THIS IS AN AUTOGENERATED FILE. DO NOT EDIT THIS FILE DIRECTLY.
# yarn lockfile v1


binary-number-translator@^0.0.1:
  version "0.0.1"
  resolved "https://registry.yarnpkg.com/binary-number-translator/-/binary-number-translator-0.0.1.tgz#84ac2586aa327b97f84c98d5bdb1d108a8de45e0"
  integrity sha512-HKsJT6r4fZ561WqjvQpYZK0+H87AE9MLCHVGRIKX2ZDessD/Kh15wauhHZl2ruJHW42lLhg3dP0SCQzh0Bzqvw==
